dependencies:
- name: base
  repository: file://../../../manifests/charts/base
  version: 0.1.0
- name: opensandbox-controller
  repository: file://../opensandbox-controller
  version: 0.2.1
- name: opensandbox-server
  repository: file://../opensandbox-server
  version: 0.1.0
- name: ingress-gateway
  repository: file://../../../manifests/charts/ingress-gateway
  version: 0.1.0
- name: opensandbox-node-agent
  repository: file://../opensandbox-node-agent
  version: 0.1.0
digest: sha256:81db4b2baffc09e46405764cd18ea133a64932dfdb45ca1453092d4da65cb14b
generated: "2026-09-15T21:12:26.218693+08:00"
