dependencies:
- name: base
  repository: file://../../../manifests/charts/base
  version: 0.1.0
- name: opensandbox-controller
  repository: file://../opensandbox-controller
  version: 0.2.1
- name: opensandbox-server
  repository: file://../opensandbox-server
  version: 0.1.0
- name: opensandbox-node-agent
  repository: file://../opensandbox-node-agent
  version: 0.1.0
digest: sha256:c2d6d81e70d9c37619b254ce30d9f2bd93df78688219228833e6be9fb19744f3
generated: "2026-09-15T20:56:25.471581+08:00"
